
Microsoft Visual Studio Solution File, Format Version 12.00
# Visual Studio Version 17
VisualStudioVersion = 17.0.31903.59
MinimumVisualStudioVersion = 10.0.40219.1
Project("{FAE04EC0-301F-11D3-BF4B-00C04F79EFBC}") = "API", "API\API.csproj", "{55462092-B30F-4D58-BA00-ED4A501BC1CA}"
EndProject
Project("{FAE04EC0-301F-11D3-BF4B-00C04F79EFBC}") = "Application", "Application\Application.csproj", "{2B200682-5AF0-4725-A428-5497395728D5}"
EndProject
Project("{FAE04EC0-301F-11D3-BF4B-00C04F79EFBC}") = "Domain", "Domain\Domain.csproj", "{66837219-76C7-489A-9E5F-A3AB14C03E17}"
EndProject
Project("{FAE04EC0-301F-11D3-BF4B-00C04F79EFBC}") = "Persistence", "Persistence\Persistence.csproj", "{0A6888A7-5617-4360-AD7E-FBEE74B13B07}"
EndProject
Global
	GlobalSection(SolutionConfigurationPlatforms) = preSolution
		Debug|Any CPU = Debug|Any CPU
		Release|Any CPU = Release|Any CPU
	EndGlobalSection
	GlobalSection(SolutionProperties) = preSolution
		HideSolutionNode = FALSE
	EndGlobalSection
	GlobalSection(ProjectConfigurationPlatforms) = postSolution
		{55462092-B30F-4D58-BA00-ED4A501BC1CA}.Debug|Any CPU.ActiveCfg = Debug|Any CPU
		{55462092-B30F-4D58-BA00-ED4A501BC1CA}.Debug|Any CPU.Build.0 = Debug|Any CPU
		{55462092-B30F-4D58-BA00-ED4A501BC1CA}.Release|Any CPU.ActiveCfg = Release|Any CPU
		{55462092-B30F-4D58-BA00-ED4A501BC1CA}.Release|Any CPU.Build.0 = Release|Any CPU
		{2B200682-5AF0-4725-A428-5497395728D5}.Debug|Any CPU.ActiveCfg = Debug|Any CPU
		{2B200682-5AF0-4725-A428-5497395728D5}.Debug|Any CPU.Build.0 = Debug|Any CPU
		{2B200682-5AF0-4725-A428-5497395728D5}.Release|Any CPU.ActiveCfg = Release|Any CPU
		{2B200682-5AF0-4725-A428-5497395728D5}.Release|Any CPU.Build.0 = Release|Any CPU
		{66837219-76C7-489A-9E5F-A3AB14C03E17}.Debug|Any CPU.ActiveCfg = Debug|Any CPU
		{66837219-76C7-489A-9E5F-A3AB14C03E17}.Debug|Any CPU.Build.0 = Debug|Any CPU
		{66837219-76C7-489A-9E5F-A3AB14C03E17}.Release|Any CPU.ActiveCfg = Release|Any CPU
		{66837219-76C7-489A-9E5F-A3AB14C03E17}.Release|Any CPU.Build.0 = Release|Any CPU
		{0A6888A7-5617-4360-AD7E-FBEE74B13B07}.Debug|Any CPU.ActiveCfg = Debug|Any CPU
		{0A6888A7-5617-4360-AD7E-FBEE74B13B07}.Debug|Any CPU.Build.0 = Debug|Any CPU
		{0A6888A7-5617-4360-AD7E-FBEE74B13B07}.Release|Any CPU.ActiveCfg = Release|Any CPU
		{0A6888A7-5617-4360-AD7E-FBEE74B13B07}.Release|Any CPU.Build.0 = Release|Any CPU
	EndGlobalSection
EndGlobal
